
Microsoft Visual Studio Solution File, Format Version 12.00
# Visual Studio Version 17
VisualStudioVersion = 17.1.32210.238
MinimumVisualStudioVersion = 10.0.40219.1
Project("{FAE04EC0-301F-11D3-BF4B-00C04F79EFBC}") = "CRUDAPP", "CRUDAPP.csproj", "{3AD57090-73CF-4F58-966F-3C22CB1B3F2C}"
EndProject
Global
	GlobalSection(SolutionConfigurationPlatforms) = preSolution
		Debug|Any CPU = Debug|Any CPU
		Release|Any CPU = Release|Any CPU
	EndGlobalSection
	GlobalSection(ProjectConfigurationPlatforms) = postSolution
		{3AD57090-73CF-4F58-966F-3C22CB1B3F2C}.Debug|Any CPU.ActiveCfg = Debug|Any CPU
		{3AD57090-73CF-4F58-966F-3C22CB1B3F2C}.Debug|Any CPU.Build.0 = Debug|Any CPU
		{3AD57090-73CF-4F58-966F-3C22CB1B3F2C}.Release|Any CPU.ActiveCfg = Release|Any CPU
		{3AD57090-73CF-4F58-966F-3C22CB1B3F2C}.Release|Any CPU.Build.0 = Release|Any CPU
	EndGlobalSection
	GlobalSection(SolutionProperties) = preSolution
		HideSolutionNode = FALSE
	EndGlobalSection
	GlobalSection(ExtensibilityGlobals) = postSolution
		SolutionGuid = {37E7F520-B391-4713-8CFD-E9781FF5C5F6}
	EndGlobalSection
EndGlobal
